
Microsoft Visual Studio Solution File, Format Version 12.00
# Visual Studio Version 17
VisualStudioVersion = 17.13.35806.99 d17.13
MinimumVisualStudioVersion = 10.0.40219.1
Project("{FAE04EC0-301F-11D3-BF4B-00C04F79EFBC}") = "EngineTest", "EngineTest\EngineTest.csproj", "{A5607EC3-6B1B-4EEB-9C9A-4126B0F66DAA}"
EndProject
Global
	GlobalSection(SolutionConfigurationPlatforms) = preSolution
		Debug|Any CPU = Debug|Any CPU
		Release|Any CPU = Release|Any CPU
	EndGlobalSection
	GlobalSection(ProjectConfigurationPlatforms) = postSolution
		{A5607EC3-6B1B-4EEB-9C9A-4126B0F66DAA}.Debug|Any CPU.ActiveCfg = Debug|Any CPU
		{A5607EC3-6B1B-4EEB-9C9A-4126B0F66DAA}.Debug|Any CPU.Build.0 = Debug|Any CPU
		{A5607EC3-6B1B-4EEB-9C9A-4126B0F66DAA}.Release|Any CPU.ActiveCfg = Release|Any CPU
		{A5607EC3-6B1B-4EEB-9C9A-4126B0F66DAA}.Release|Any CPU.Build.0 = Release|Any CPU
	EndGlobalSection
	GlobalSection(SolutionProperties) = preSolution
		HideSolutionNode = FALSE
	EndGlobalSection
	GlobalSection(ExtensibilityGlobals) = postSolution
		SolutionGuid = {81F82C70-6211-4981-9E9C-67E8DF5C8450}
	EndGlobalSection
EndGlobal
